
Microsoft Visual Studio Solution File, Format Version 12.00
# Visual Studio Version 17
VisualStudioVersion = 17.5.33424.131
MinimumVisualStudioVersion = 10.0.40219.1
Project("{FAE04EC0-301F-11D3-BF4B-00C04F79EFBC}") = "IMDBWebApi", "IMDBWebApi\IMDBWebApi.csproj", "{8A97FD81-6B36-4267-957A-92071C4D63CF}"
EndProject
Global
	GlobalSection(SolutionConfigurationPlatforms) = preSolution
		Debug|Any CPU = Debug|Any CPU
		Release|Any CPU = Release|Any CPU
	EndGlobalSection
	GlobalSection(ProjectConfigurationPlatforms) = postSolution
		{8A97FD81-6B36-4267-957A-92071C4D63CF}.Debug|Any CPU.ActiveCfg = Debug|Any CPU
		{8A97FD81-6B36-4267-957A-92071C4D63CF}.Debug|Any CPU.Build.0 = Debug|Any CPU
		{8A97FD81-6B36-4267-957A-92071C4D63CF}.Release|Any CPU.ActiveCfg = Release|Any CPU
		{8A97FD81-6B36-4267-957A-92071C4D63CF}.Release|Any CPU.Build.0 = Release|Any CPU
	EndGlobalSection
	GlobalSection(SolutionProperties) = preSolution
		HideSolutionNode = FALSE
	EndGlobalSection
	GlobalSection(ExtensibilityGlobals) = postSolution
		SolutionGuid = {2D3F1DC8-E92E-4FA5-853D-06B21694BCD8}
	EndGlobalSection
EndGlobal
